
Microsoft Visual Studio Solution File, Format Version 12.00
# Visual Studio Version 16
VisualStudioVersion = 16.0.29411.108
MinimumVisualStudioVersion = 10.0.40219.1
Project("{FAE04EC0-301F-11D3-BF4B-00C04F79EFBC}") = "WebApplicationPIT", "WebApplicationPIT\WebApplicationPIT.csproj", "{50A4789D-B58E-4A3E-B67E-848A13A8D04A}"
EndProject
Global
	GlobalSection(SolutionConfigurationPlatforms) = preSolution
		Debug|Any CPU = Debug|Any CPU
		Release|Any CPU = Release|Any CPU
	EndGlobalSection
	GlobalSection(ProjectConfigurationPlatforms) = postSolution
		{50A4789D-B58E-4A3E-B67E-848A13A8D04A}.Debug|Any CPU.ActiveCfg = Debug|Any CPU
		{50A4789D-B58E-4A3E-B67E-848A13A8D04A}.Debug|Any CPU.Build.0 = Debug|Any CPU
		{50A4789D-B58E-4A3E-B67E-848A13A8D04A}.Release|Any CPU.ActiveCfg = Release|Any CPU
		{50A4789D-B58E-4A3E-B67E-848A13A8D04A}.Release|Any CPU.Build.0 = Release|Any CPU
	EndGlobalSection
	GlobalSection(SolutionProperties) = preSolution
		HideSolutionNode = FALSE
	EndGlobalSection
	GlobalSection(ExtensibilityGlobals) = postSolution
		SolutionGuid = {B21D5423-2F8B-442C-8204-B1DF8307A674}
	EndGlobalSection
EndGlobal
